
Microsoft Visual Studio Solution File, Format Version 10.00
# Visual Studio 2008
Project("{FAE04EC0-301F-11D3-BF4B-00C04F79EFBC}") = "Rowan.TfsWitWorkingOn", "TfsWitWorkingOn\Rowan.TfsWitWorkingOn.csproj", "{28F75939-1A19-43DD-8601-7476357ED3B4}"
EndProject
Project("{FAE04EC0-301F-11D3-BF4B-00C04F79EFBC}") = "Rowan.TfsWitWorkingOn.WinForm", "Rowan.TfsWitWorkingOn.WinForm\Rowan.TfsWitWorkingOn.WinForm.csproj", "{AD1B2DFC-222D-421B-92D2-6E41311DE9D5}"
EndProject
Project("{54435603-DBB4-11D2-8724-00A0C9A8B90C}") = "Setup", "Setup\Setup.vdproj", "{CE48CF4F-91CA-42FC-98E7-F5776699C334}"
EndProject
Global
	GlobalSection(TeamFoundationVersionControl) = preSolution
		SccNumberOfProjects = 4
		SccEnterpriseProvider = {4CA58AB2-18FA-4F8D-95D4-32DDF27D184C}
		SccTeamFoundationServer = https://tfs04.codeplex.com/
		SccLocalPath0 = .
		SccProjectUniqueName1 = Rowan.TfsWitWorkingOn.WinForm\\Rowan.TfsWitWorkingOn.WinForm.csproj
		SccProjectName1 = Rowan.TfsWitWorkingOn.WinForm
		SccLocalPath1 = Rowan.TfsWitWorkingOn.WinForm
		SccProjectUniqueName2 = Setup\\Setup.vdproj
		SccProjectName2 = Setup
		SccLocalPath2 = Setup
		SccProjectUniqueName3 = TfsWitWorkingOn\\Rowan.TfsWitWorkingOn.csproj
		SccProjectName3 = TfsWitWorkingOn
		SccLocalPath3 = TfsWitWorkingOn
	EndGlobalSection
	GlobalSection(SolutionConfigurationPlatforms) = preSolution
		Debug|Any CPU = Debug|Any CPU
		Release|Any CPU = Release|Any CPU
	EndGlobalSection
	GlobalSection(ProjectConfigurationPlatforms) = postSolution
		{28F75939-1A19-43DD-8601-7476357ED3B4}.Debug|Any CPU.ActiveCfg = Debug|Any CPU
		{28F75939-1A19-43DD-8601-7476357ED3B4}.Debug|Any CPU.Build.0 = Debug|Any CPU
		{28F75939-1A19-43DD-8601-7476357ED3B4}.Release|Any CPU.ActiveCfg = Release|Any CPU
		{28F75939-1A19-43DD-8601-7476357ED3B4}.Release|Any CPU.Build.0 = Release|Any CPU
		{AD1B2DFC-222D-421B-92D2-6E41311DE9D5}.Debug|Any CPU.ActiveCfg = Debug|Any CPU
		{AD1B2DFC-222D-421B-92D2-6E41311DE9D5}.Debug|Any CPU.Build.0 = Debug|Any CPU
		{AD1B2DFC-222D-421B-92D2-6E41311DE9D5}.Release|Any CPU.ActiveCfg = Release|Any CPU
		{AD1B2DFC-222D-421B-92D2-6E41311DE9D5}.Release|Any CPU.Build.0 = Release|Any CPU
		{CE48CF4F-91CA-42FC-98E7-F5776699C334}.Debug|Any CPU.ActiveCfg = Debug
		{CE48CF4F-91CA-42FC-98E7-F5776699C334}.Release|Any CPU.ActiveCfg = Release
	EndGlobalSection
	GlobalSection(SolutionProperties) = preSolution
		HideSolutionNode = FALSE
	EndGlobalSection
EndGlobal
